
Microsoft Visual Studio Solution File, Format Version 12.00
# Visual Studio Version 17
VisualStudioVersion = 17.2.32630.192
MinimumVisualStudioVersion = 10.0.40219.1
Project("{FAE04EC0-301F-11D3-BF4B-00C04F79EFBC}") = "cnTriangulo", "cnTriangulo\cnTriangulo.csproj", "{097E2BA2-3518-48DC-A830-2A147A52C98F}"
EndProject
Global
	GlobalSection(SolutionConfigurationPlatforms) = preSolution
		Debug|Any CPU = Debug|Any CPU
		Release|Any CPU = Release|Any CPU
	EndGlobalSection
	GlobalSection(ProjectConfigurationPlatforms) = postSolution
		{097E2BA2-3518-48DC-A830-2A147A52C98F}.Debug|Any CPU.ActiveCfg = Debug|Any CPU
		{097E2BA2-3518-48DC-A830-2A147A52C98F}.Debug|Any CPU.Build.0 = Debug|Any CPU
		{097E2BA2-3518-48DC-A830-2A147A52C98F}.Release|Any CPU.ActiveCfg = Release|Any CPU
		{097E2BA2-3518-48DC-A830-2A147A52C98F}.Release|Any CPU.Build.0 = Release|Any CPU
	EndGlobalSection
	GlobalSection(SolutionProperties) = preSolution
		HideSolutionNode = FALSE
	EndGlobalSection
	GlobalSection(ExtensibilityGlobals) = postSolution
		SolutionGuid = {EA1D0381-0FD2-4859-B05D-59D2D3893DD7}
	EndGlobalSection
EndGlobal
